
Microsoft Visual Studio Solution File, Format Version 12.00
# Visual Studio Version 16
VisualStudioVersion = 16.0.29709.97
MinimumVisualStudioVersion = 10.0.40219.1
Project("{FAE04EC0-301F-11D3-BF4B-00C04F79EFBC}") = "MyDemo", "MyDemo\MyDemo.csproj", "{07C1259D-447E-4456-A77F-E111DB7B4A51}"
EndProject
Project("{FAE04EC0-301F-11D3-BF4B-00C04F79EFBC}") = "MyDemo.Test", "MyDemo.Test\MyDemo.Test.csproj", "{55B1A51A-C883-4EDF-90FE-CCDF2AB0E011}"
EndProject
Global
	GlobalSection(SolutionConfigurationPlatforms) = preSolution
		Debug|Any CPU = Debug|Any CPU
		Release|Any CPU = Release|Any CPU
	EndGlobalSection
	GlobalSection(ProjectConfigurationPlatforms) = postSolution
		{07C1259D-447E-4456-A77F-E111DB7B4A51}.Debug|Any CPU.ActiveCfg = Debug|Any CPU
		{07C1259D-447E-4456-A77F-E111DB7B4A51}.Debug|Any CPU.Build.0 = Debug|Any CPU
		{07C1259D-447E-4456-A77F-E111DB7B4A51}.Release|Any CPU.ActiveCfg = Release|Any CPU
		{07C1259D-447E-4456-A77F-E111DB7B4A51}.Release|Any CPU.Build.0 = Release|Any CPU
		{55B1A51A-C883-4EDF-90FE-CCDF2AB0E011}.Debug|Any CPU.ActiveCfg = Debug|Any CPU
		{55B1A51A-C883-4EDF-90FE-CCDF2AB0E011}.Debug|Any CPU.Build.0 = Debug|Any CPU
		{55B1A51A-C883-4EDF-90FE-CCDF2AB0E011}.Release|Any CPU.ActiveCfg = Release|Any CPU
		{55B1A51A-C883-4EDF-90FE-CCDF2AB0E011}.Release|Any CPU.Build.0 = Release|Any CPU
	EndGlobalSection
	GlobalSection(SolutionProperties) = preSolution
		HideSolutionNode = FALSE
	EndGlobalSection
	GlobalSection(ExtensibilityGlobals) = postSolution
		SolutionGuid = {7D2C6A2F-C841-40DD-A21C-50B6800E42CE}
	EndGlobalSection
EndGlobal
